
Microsoft Visual Studio Solution File, Format Version 12.00
# Visual Studio Version 17
VisualStudioVersion = 17.5.33627.172
MinimumVisualStudioVersion = 10.0.40219.1
Project("{FAE04EC0-301F-11D3-BF4B-00C04F79EFBC}") = "AutoICD10-Example", "AutoICD10-Example.csproj", "{888F7F8B-6FF9-46ED-93EA-3A47E0C163D9}"
EndProject
Global
	GlobalSection(SolutionConfigurationPlatforms) = preSolution
		Debug|Any CPU = Debug|Any CPU
		Release|Any CPU = Release|Any CPU
	EndGlobalSection
	GlobalSection(ProjectConfigurationPlatforms) = postSolution
		{888F7F8B-6FF9-46ED-93EA-3A47E0C163D9}.Debug|Any CPU.ActiveCfg = Debug|Any CPU
		{888F7F8B-6FF9-46ED-93EA-3A47E0C163D9}.Debug|Any CPU.Build.0 = Debug|Any CPU
		{888F7F8B-6FF9-46ED-93EA-3A47E0C163D9}.Release|Any CPU.ActiveCfg = Release|Any CPU
		{888F7F8B-6FF9-46ED-93EA-3A47E0C163D9}.Release|Any CPU.Build.0 = Release|Any CPU
	EndGlobalSection
	GlobalSection(SolutionProperties) = preSolution
		HideSolutionNode = FALSE
	EndGlobalSection
	GlobalSection(ExtensibilityGlobals) = postSolution
		SolutionGuid = {AEDD8865-095F-4186-92DB-7076F183EB24}
	EndGlobalSection
EndGlobal
